// !$*UTF8*$!
{
	archiveVersion = 1;
	classes = {
	};
	objectVersion = 55;
	objects = {

/* Begin PBXBuildFile section */
		33FD482628BF885B00707F51 /* AppDelegate.swift in Sources */ = {isa = PBXBuildFile; fileRef = 33FD482528BF885B00707F51 /* AppDelegate.swift */; };
		33FD482828BF885B00707F51 /* SceneDelegate.swift in Sources */ = {isa = PBXBuildFile; fileRef = 33FD482728BF885B00707F51 /* SceneDelegate.swift */; };
		33FD482A28BF885B00707F51 /* ViewController.swift in Sources */ = {isa = PBXBuildFile; fileRef = 33FD482928BF885B00707F51 /* ViewController.swift */; };
		33FD482D28BF885B00707F51 /* Main.storyboard in Resources */ = {isa = PBXBuildFile; fileRef = 33FD482B28BF885B00707F51 /* Main.storyboard */; };
		33FD482F28BF885B00707F51 /* Assets.xcassets in Resources */ = {isa = PBXBuildFile; fileRef = 33FD482E28BF885B00707F51 /* Assets.xcassets */; };
		33FD483228BF885B00707F51 /* LaunchScreen.storyboard in Resources */ = {isa = PBXBuildFile; fileRef = 33FD483028BF885B00707F51 /* LaunchScreen.storyboard */; };
		33FD483D28BF885C00707F51 /* MoveAnImageTests.swift in Sources */ = {isa = PBXBuildFile; fileRef = 33FD483C28BF885C00707F51 /* MoveAnImageTests.swift */; };
		33FD484728BF885C00707F51 /* MoveAnImageUITests.swift in Sources */ = {isa = PBXBuildFile; fileRef = 33FD484628BF885C00707F51 /* MoveAnImageUITests.swift */; };
		33FD484928BF885C00707F51 /* MoveAnImageUITestsLaunchTests.swift in Sources */ = {isa = PBXBuildFile; fileRef = 33FD484828BF885C00707F51 /* MoveAnImageUITestsLaunchTests.swift */; };
/* End PBXBuildFile section */

/* Begin PBXContainerItemProxy section */
		33FD483928BF885C00707F51 /* PBXContainerItemProxy */ = {
			isa = PBXContainerItemProxy;
			containerPortal = 33FD481A28BF885B00707F51 /* Project object */;
			proxyType = 1;
			remoteGlobalIDString = 33FD482128BF885B00707F51;
			remoteInfo = MoveAnImage;
		};
		33FD484328BF885C00707F51 /* PBXContainerItemProxy */ = {
			isa = PBXContainerItemProxy;
			containerPortal = 33FD481A28BF885B00707F51 /* Project object */;
			proxyType = 1;
			remoteGlobalIDString = 33FD482128BF885B00707F51;
			remoteInfo = MoveAnImage;
		};
/* End PBXContainerItemProxy section */

/* Begin PBXFileReference section */
		33FD482228BF885B00707F51 /* MoveAnImage.app */ = {isa = PBXFileReference; explicitFileType = wrapper.application; includeInIndex = 0; path = MoveAnImage.app; sourceTree = BUILT_PRODUCTS_DIR; };
		33FD482528BF885B00707F51 /* AppDelegate.swift */ = {isa = PBXFileReference; lastKnownFileType = sourcecode.swift; path = AppDelegate.swift; sourceTree = "<group>"; };
		33FD482728BF885B00707F51 /* SceneDelegate.swift */ = {isa = PBXFileReference; lastKnownFileType = sourcecode.swift; path = SceneDelegate.swift; sourceTree = "<group>"; };
		33FD482928BF885B00707F51 /* ViewController.swift */ = {isa = PBXFileReference; lastKnownFileType = sourcecode.swift; path = ViewController.swift; sourceTree = "<group>"; };
		33FD482C28BF885B00707F51 /* Base */ = {isa = PBXFileReference; lastKnownFileType = file.storyboard; name = Base; path = Base.lproj/Main.storyboard; sourceTree = "<group>"; };
		33FD482E28BF885B00707F51 /* Assets.xcassets */ = {isa = PBXFileReference; lastKnownFileType = folder.assetcatalog; path = Assets.xcassets; sourceTree = "<group>"; };
		33FD483128BF885B00707F51 /* Base */ = {isa = PBXFileReference; lastKnownFileType = file.storyboard; name = Base; path = Base.lproj/LaunchScreen.storyboard; sourceTree = "<group>"; };
		33FD483328BF885B00707F51 /* Info.plist */ = {isa = PBXFileReference; lastKnownFileType = text.plist.xml; path = Info.plist; sourceTree = "<group>"; };
		33FD483828BF885C00707F51 /* MoveAnImageTests.xctest */ = {isa = PBXFileReference; explicitFileType = wrapper.cfbundle; includeInIndex = 0; path = MoveAnImageTests.xctest; sourceTree = BUILT_PRODUCTS_DIR; };
		33FD483C28BF885C00707F51 /* MoveAnImageTests.swift */ = {isa = PBXFileReference; lastKnownFileType = sourcecode.swift; path = MoveAnImageTests.swift; sourceTree = "<group>"; };
		33FD484228BF885C00707F51 /* MoveAnImageUITests.xctest */ = {isa = PBXFileReference; explicitFileType = wrapper.cfbundle; includeInIndex = 0; path = MoveAnImageUITests.xctest; sourceTree = BUILT_PRODUCTS_DIR; };
		33FD484628BF885C00707F51 /* MoveAnImageUITests.swift */ = {isa = PBXFileReference; lastKnownFileType = sourcecode.swift; path = MoveAnImageUITests.swift; sourceTree = "<group>"; };
		33FD484828BF885C00707F51 /* MoveAnImageUITestsLaunchTests.swift */ = {isa = PBXFileReference; lastKnownFileType = sourcecode.swift; path = MoveAnImageUITestsLaunchTests.swift; sourceTree = "<group>"; };
/* End PBXFileReference section */

/* Begin PBXFrameworksBuildPhase section */
		33FD481F28BF885B00707F51 /* Frameworks */ = {
			isa = PBXFrameworksBuildPhase;
			buildActionMask = 2147483647;
			files = (
			);
			runOnlyForDeploymentPostprocessing = 0;
		};
		33FD483528BF885C00707F51 /* Frameworks */ = {
			isa = PBXFrameworksBuildPhase;
			buildActionMask = 2147483647;
			files = (
			);
			runOnlyForDeploymentPostprocessing = 0;
		};
		33FD483F28BF885C00707F51 /* Frameworks */ = {
			isa = PBXFrameworksBuildPhase;
			buildActionMask = 2147483647;
			files = (
			);
			runOnlyForDeploymentPostprocessing = 0;
		};
/* End PBXFrameworksBuildPhase section */

/* Begin PBXGroup section */
		33FD481928BF885B00707F51 = {
			isa = PBXGroup;
			children = (
				33FD482428BF885B00707F51 /* MoveAnImage */,
				33FD483B28BF885C00707F51 /* MoveAnImageTests */,
				33FD484528BF885C00707F51 /* MoveAnImageUITests */,
				33FD482328BF885B00707F51 /* Products */,
			);
			sourceTree = "<group>";
		};
		33FD482328BF885B00707F51 /* Products */ = {
			isa = PBXGroup;
			children = (
				33FD482228BF885B00707F51 /* MoveAnImage.app */,
				33FD483828BF885C00707F51 /* MoveAnImageTests.xctest */,
				33FD484228BF885C00707F51 /* MoveAnImageUITests.xctest */,
			);
			name = Products;
			sourceTree = "<group>";
		};
		33FD482428BF885B00707F51 /* MoveAnImage */ = {
			isa = PBXGroup;
			children = (
				33FD482528BF885B00707F51 /* AppDelegate.swift */,
				33FD482728BF885B00707F51 /* SceneDelegate.swift */,
				33FD482928BF885B00707F51 /* ViewController.swift */,
				33FD482B28BF885B00707F51 /* Main.storyboard */,
				33FD482E28BF885B00707F51 /* Assets.xcassets */,
				33FD483028BF885B00707F51 /* LaunchScreen.storyboard */,
				33FD483328BF885B00707F51 /* Info.plist */,
			);
			path = MoveAnImage;
			sourceTree = "<group>";
		};
		33FD483B28BF885C00707F51 /* MoveAnImageTests */ = {
			isa = PBXGroup;
			children = (
				33FD483C28BF885C00707F51 /* MoveAnImageTests.swift */,
			);
			path = MoveAnImageTests;
			sourceTree = "<group>";
		};
		33FD484528BF885C00707F51 /* MoveAnImageUITests */ = {
			isa = PBXGroup;
			children = (
				33FD484628BF885C00707F51 /* MoveAnImageUITests.swift */,
				33FD484828BF885C00707F51 /* MoveAnImageUITestsLaunchTests.swift */,
			);
			path = MoveAnImageUITests;
			sourceTree = "<group>";
		};
/* End PBXGroup section */

/* Begin PBXNativeTarget section */
		33FD482128BF885B00707F51 /* MoveAnImage */ = {
			isa = PBXNativeTarget;
			buildConfigurationList = 33FD484C28BF885C00707F51 /* Build configuration list for PBXNativeTarget "MoveAnImage" */;
			buildPhases = (
				33FD481E28BF885B00707F51 /* Sources */,
				33FD481F28BF885B00707F51 /* Frameworks */,
				33FD482028BF885B00707F51 /* Resources */,
			);
			buildRules = (
			);
			dependencies = (
			);
			name = MoveAnImage;
			productName = MoveAnImage;
			productReference = 33FD482228BF885B00707F51 /* MoveAnImage.app */;
			productType = "com.apple.product-type.application";
		};
		33FD483728BF885C00707F51 /* MoveAnImageTests */ = {
			isa = PBXNativeTarget;
			buildConfigurationList = 33FD484F28BF885C00707F51 /* Build configuration list for PBXNativeTarget "MoveAnImageTests" */;
			buildPhases = (
				33FD483428BF885C00707F51 /* Sources */,
				33FD483528BF885C00707F51 /* Frameworks */,
				33FD483628BF885C00707F51 /* Resources */,
			);
			buildRules = (
			);
			dependencies = (
				33FD483A28BF885C00707F51 /* PBXTargetDependency */,
			);
			name = MoveAnImageTests;
			productName = MoveAnImageTests;
			productReference = 33FD483828BF885C00707F51 /* MoveAnImageTests.xctest */;
			productType = "com.apple.product-type.bundle.unit-test";
		};
		33FD484128BF885C00707F51 /* MoveAnImageUITests */ = {
			isa = PBXNativeTarget;
			buildConfigurationList = 33FD485228BF885C00707F51 /* Build configuration list for PBXNativeTarget "MoveAnImageUITests" */;
			buildPhases = (
				33FD483E28BF885C00707F51 /* Sources */,
				33FD483F28BF885C00707F51 /* Frameworks */,
				33FD484028BF885C00707F51 /* Resources */,
			);
			buildRules = (
			);
			dependencies = (
				33FD484428BF885C00707F51 /* PBXTargetDependency */,
			);
			name = MoveAnImageUITests;
			productName = MoveAnImageUITests;
			productReference = 33FD484228BF885C00707F51 /* MoveAnImageUITests.xctest */;
			productType = "com.apple.product-type.bundle.ui-testing";
		};
/* End PBXNativeTarget section */

/* Begin PBXProject section */
		33FD481A28BF885B00707F51 /* Project object */ = {
			isa = PBXProject;
			attributes = {
				BuildIndependentTargetsInParallel = 1;
				LastSwiftUpdateCheck = 1340;
				LastUpgradeCheck = 1340;
				TargetAttributes = {
					33FD482128BF885B00707F51 = {
						CreatedOnToolsVersion = 13.4.1;
					};
					33FD483728BF885C00707F51 = {
						CreatedOnToolsVersion = 13.4.1;
						TestTargetID = 33FD482128BF885B00707F51;
					};
					33FD484128BF885C00707F51 = {
						CreatedOnToolsVersion = 13.4.1;
						TestTargetID = 33FD482128BF885B00707F51;
					};
				};
			};
			buildConfigurationList = 33FD481D28BF885B00707F51 /* Build configuration list for PBXProject "MoveAnImage" */;
			compatibilityVersion = "Xcode 13.0";
			developmentRegion = en;
			hasScannedForEncodings = 0;
			knownRegions = (
				en,
				Base,
			);
			mainGroup = 33FD481928BF885B00707F51;
			productRefGroup = 33FD482328BF885B00707F51 /* Products */;
			projectDirPath = "";
			projectRoot = "";
			targets = (
				33FD482128BF885B00707F51 /* MoveAnImage */,
				33FD483728BF885C00707F51 /* MoveAnImageTests */,
				33FD484128BF885C00707F51 /* MoveAnImageUITests */,
			);
		};
/* End PBXProject section */

/* Begin PBXResourcesBuildPhase section */
		33FD482028BF885B00707F51 /* Resources */ = {
			isa = PBXResourcesBuildPhase;
			buildActionMask = 2147483647;
			files = (
				33FD483228BF885B00707F51 /* LaunchScreen.storyboard in Resources */,
				33FD482F28BF885B00707F51 /* Assets.xcassets in Resources */,
				33FD482D28BF885B00707F51 /* Main.storyboard in Resources */,
			);
			runOnlyForDeploymentPostprocessing = 0;
		};
		33FD483628BF885C00707F51 /* Resources */ = {
			isa = PBXResourcesBuildPhase;
			buildActionMask = 2147483647;
			files = (
			);
			runOnlyForDeploymentPostprocessing = 0;
		};
		33FD484028BF885C00707F51 /* Resources */ = {
			isa = PBXResourcesBuildPhase;
			buildActionMask = 2147483647;
			files = (
			);
			runOnlyForDeploymentPostprocessing = 0;
		};
/* End PBXResourcesBuildPhase section */

/* Begin PBXSourcesBuildPhase section */
		33FD481E28BF885B00707F51 /* Sources */ = {
			isa = PBXSourcesBuildPhase;
			buildActionMask = 2147483647;
			files = (
				33FD482A28BF885B00707F51 /* ViewController.swift in Sources */,
				33FD482628BF885B00707F51 /* AppDelegate.swift in Sources */,
				33FD482828BF885B00707F51 /* SceneDelegate.swift in Sources */,
			);
			runOnlyForDeploymentPostprocessing = 0;
		};
		33FD483428BF885C00707F51 /* Sources */ = {
			isa = PBXSourcesBuildPhase;
			buildActionMask = 2147483647;
			files = (
				33FD483D28BF885C00707F51 /* MoveAnImageTests.swift in Sources */,
			);
			runOnlyForDeploymentPostprocessing = 0;
		};
		33FD483E28BF885C00707F51 /* Sources */ = {
			isa = PBXSourcesBuildPhase;
			buildActionMask = 2147483647;
			files = (
				33FD484928BF885C00707F51 /* MoveAnImageUITestsLaunchTests.swift in Sources */,
				33FD484728BF885C00707F51 /* MoveAnImageUITests.swift in Sources */,
			);
			runOnlyForDeploymentPostprocessing = 0;
		};
/* End PBXSourcesBuildPhase section */

/* Begin PBXTargetDependency section */
		33FD483A28BF885C00707F51 /* PBXTargetDependency */ = {
			isa = PBXTargetDependency;
			target = 33FD482128BF885B00707F51 /* MoveAnImage */;
			targetProxy = 33FD483928BF885C00707F51 /* PBXContainerItemProxy */;
		};
		33FD484428BF885C00707F51 /* PBXTargetDependency */ = {
			isa = PBXTargetDependency;
			target = 33FD482128BF885B00707F51 /* MoveAnImage */;
			targetProxy = 33FD484328BF885C00707F51 /* PBXContainerItemProxy */;
		};
/* End PBXTargetDependency section */

/* Begin PBXVariantGroup section */
		33FD482B28BF885B00707F51 /* Main.storyboard */ = {
			isa = PBXVariantGroup;
			children = (
				33FD482C28BF885B00707F51 /* Base */,
			);
			name = Main.storyboard;
			sourceTree = "<group>";
		};
		33FD483028BF885B00707F51 /* LaunchScreen.storyboard */ = {
			isa = PBXVariantGroup;
			children = (
				33FD483128BF885B00707F51 /* Base */,
			);
			name = LaunchScreen.storyboard;
			sourceTree = "<group>";
		};
/* End PBXVariantGroup section */

/* Begin XCBuildConfiguration section */
		33FD484A28BF885C00707F51 /* Debug */ = {
			isa = XCBuildConfiguration;
			buildSettings = {
				ALWAYS_SEARCH_USER_PATHS = NO;
				CLANG_ANALYZER_NONNULL = YES;
				CLANG_ANALYZER_NUMBER_OBJECT_CONVERSION = YES_AGGRESSIVE;
				CLANG_CXX_LANGUAGE_STANDARD = "gnu++17";
				CLANG_ENABLE_MODULES = YES;
				CLANG_ENABLE_OBJC_ARC = YES;
				CLANG_ENABLE_OBJC_WEAK = YES;
				CLANG_WARN_BLOCK_CAPTURE_AUTORELEASING = YES;
				CLANG_WARN_BOOL_CONVERSION = YES;
				CLANG_WARN_COMMA = YES;
				CLANG_WARN_CONSTANT_CONVERSION = YES;
				CLANG_WARN_DEPRECATED_OBJC_IMPLEMENTATIONS = YES;
				CLANG_WARN_DIRECT_OBJC_ISA_USAGE = YES_ERROR;
				CLANG_WARN_DOCUMENTATION_COMMENTS = YES;
				CLANG_WARN_EMPTY_BODY = YES;
				CLANG_WARN_ENUM_CONVERSION = YES;
				CLANG_WARN_INFINITE_RECURSION = YES;
				CLANG_WARN_INT_CONVERSION = YES;
				CLANG_WARN_NON_LITERAL_NULL_CONVERSION = YES;
				CLANG_WARN_OBJC_IMPLICIT_RETAIN_SELF = YES;
				CLANG_WARN_OBJC_LITERAL_CONVERSION = YES;
				CLANG_WARN_OBJC_ROOT_CLASS = YES_ERROR;
				CLANG_WARN_QUOTED_INCLUDE_IN_FRAMEWORK_HEADER = YES;
				CLANG_WARN_RANGE_LOOP_ANALYSIS = YES;
				CLANG_WARN_STRICT_PROTOTYPES = YES;
				CLANG_WARN_SUSPICIOUS_MOVE = YES;
				CLANG_WARN_UNGUARDED_AVAILABILITY = YES_AGGRESSIVE;
				CLANG_WARN_UNREACHABLE_CODE = YES;
				CLANG_WARN__DUPLICATE_METHOD_MATCH = YES;
				COPY_PHASE_STRIP = NO;
				DEBUG_INFORMATION_FORMAT = dwarf;
				ENABLE_STRICT_OBJC_MSGSEND = YES;
				ENABLE_TESTABILITY = YES;
				GCC_C_LANGUAGE_STANDARD = gnu11;
				GCC_DYNAMIC_NO_PIC = NO;
				GCC_NO_COMMON_BLOCKS = YES;
				GCC_OPTIMIZATION_LEVEL = 0;
				GCC_PREPROCESSOR_DEFINITIONS = (
					"DEBUG=1",
					"$(inherited)",
				);
				GCC_WARN_64_TO_32_BIT_CONVERSION = YES;
				GCC_WARN_ABOUT_RETURN_TYPE = YES_ERROR;
				GCC_WARN_UNDECLARED_SELECTOR = YES;
				GCC_WARN_UNINITIALIZED_AUTOS = YES_AGGRESSIVE;
				GCC_WARN_UNUSED_FUNCTION = YES;
				GCC_WARN_UNUSED_VARIABLE = YES;
				IPHONEOS_DEPLOYMENT_TARGET = 15.5;
				MTL_ENABLE_DEBUG_INFO = INCLUDE_SOURCE;
				MTL_FAST_MATH = YES;
				ONLY_ACTIVE_ARCH = YES;
				SDKROOT = iphoneos;
				SWIFT_ACTIVE_COMPILATION_CONDITIONS = DEBUG;
				SWIFT_OPTIMIZATION_LEVEL = "-Onone";
			};
			name = Debug;
		};
		33FD484B28BF885C00707F51 /* Release */ = {
			isa = XCBuildConfiguration;
			buildSettings = {
				ALWAYS_SEARCH_USER_PATHS = NO;
				CLANG_ANALYZER_NONNULL = YES;
				CLANG_ANALYZER_NUMBER_OBJECT_CONVERSION = YES_AGGRESSIVE;
				CLANG_CXX_LANGUAGE_STANDARD = "gnu++17";
				CLANG_ENABLE_MODULES = YES;
				CLANG_ENABLE_OBJC_ARC = YES;
				CLANG_ENABLE_OBJC_WEAK = YES;
				CLANG_WARN_BLOCK_CAPTURE_AUTORELEASING = YES;
				CLANG_WARN_BOOL_CONVERSION = YES;
				CLANG_WARN_COMMA = YES;
				CLANG_WARN_CONSTANT_CONVERSION = YES;
				CLANG_WARN_DEPRECATED_OBJC_IMPLEMENTATIONS = YES;
				CLANG_WARN_DIRECT_OBJC_ISA_USAGE = YES_ERROR;
				CLANG_WARN_DOCUMENTATION_COMMENTS = YES;
				CLANG_WARN_EMPTY_BODY = YES;
				CLANG_WARN_ENUM_CONVERSION = YES;
				CLANG_WARN_INFINITE_RECURSION = YES;
				CLANG_WARN_INT_CONVERSION = YES;
				CLANG_WARN_NON_LITERAL_NULL_CONVERSION = YES;
				CLANG_WARN_OBJC_IMPLICIT_RETAIN_SELF = YES;
				CLANG_WARN_OBJC_LITERAL_CONVERSION = YES;
				CLANG_WARN_OBJC_ROOT_CLASS = YES_ERROR;
				CLANG_WARN_QUOTED_INCLUDE_IN_FRAMEWORK_HEADER = YES;
				CLANG_WARN_RANGE_LOOP_ANALYSIS = YES;
				CLANG_WARN_STRICT_PROTOTYPES = YES;
				CLANG_WARN_SUSPICIOUS_MOVE = YES;
				CLANG_WARN_UNGUARDED_AVAILABILITY = YES_AGGRESSIVE;
				CLANG_WARN_UNREACHABLE_CODE = YES;
				CLANG_WARN__DUPLICATE_METHOD_MATCH = YES;
				COPY_PHASE_STRIP = NO;
				DEBUG_INFORMATION_FORMAT = "dwarf-with-dsym";
				ENABLE_NS_ASSERTIONS = NO;
				ENABLE_STRICT_OBJC_MSGSEND = YES;
				GCC_C_LANGUAGE_STANDARD = gnu11;
				GCC_NO_COMMON_BLOCKS = YES;
				GCC_WARN_64_TO_32_BIT_CONVERSION = YES;
				GCC_WARN_ABOUT_RETURN_TYPE = YES_ERROR;
				GCC_WARN_UNDECLARED_SELECTOR = YES;
				GCC_WARN_UNINITIALIZED_AUTOS = YES_AGGRESSIVE;
				GCC_WARN_UNUSED_FUNCTION = YES;
				GCC_WARN_UNUSED_VARIABLE = YES;
				IPHONEOS_DEPLOYMENT_TARGET = 15.5;
				MTL_ENABLE_DEBUG_INFO = NO;
				MTL_FAST_MATH = YES;
				SDKROOT = iphoneos;
				SWIFT_COMPILATION_MODE = wholemodule;
				SWIFT_OPTIMIZATION_LEVEL = "-O";
				VALIDATE_PRODUCT = YES;
			};
			name = Release;
		};
		33FD484D28BF885C00707F51 /* Debug */ = {
			isa = XCBuildConfiguration;
			buildSettings = {
				ASSETCATALOG_COMPILER_APPICON_NAME = AppIcon;
				ASSETCATALOG_COMPILER_GLOBAL_ACCENT_COLOR_NAME = AccentColor;
				CODE_SIGN_STYLE = Automatic;
				CURRENT_PROJECT_VERSION = 1;
				DEVELOPMENT_TEAM = 8Z2SQL9F4K;
				GENERATE_INFOPLIST_FILE = YES;
				INFOPLIST_FILE = MoveAnImage/Info.plist;
				INFOPLIST_KEY_UIApplicationSupportsIndirectInputEvents = YES;
				INFOPLIST_KEY_UILaunchStoryboardName = LaunchScreen;
				INFOPLIST_KEY_UIMainStoryboardFile = Main;
				INFOPLIST_KEY_UISupportedInterfaceOrientations_iPad = "UIInterfaceOrientationPortrait UIInterfaceOrientationPortraitUpsideDown UIInterfaceOrientationLandscapeLeft UIInterfaceOrientationLandscapeRight";
				INFOPLIST_KEY_UISupportedInterfaceOrientations_iPhone = "UIInterfaceOrientationPortrait UIInterfaceOrientationLandscapeLeft UIInterfaceOrientationLandscapeRight";
				LD_RUNPATH_SEARCH_PATHS = (
					"$(inherited)",
					"@executable_path/Frameworks",
				);
				MARKETING_VERSION = 1.0;
				PRODUCT_BUNDLE_IDENTIFIER = SaimanChen.MoveAnImage;
				PRODUCT_NAME = "$(TARGET_NAME)";
				SWIFT_EMIT_LOC_STRINGS = YES;
				SWIFT_VERSION = 5.0;
				TARGETED_DEVICE_FAMILY = "1,2";
			};
			name = Debug;
		};
		33FD484E28BF885C00707F51 /* Release */ = {
			isa = XCBuildConfiguration;
			buildSettings = {
				ASSETCATALOG_COMPILER_APPICON_NAME = AppIcon;
				ASSETCATALOG_COMPILER_GLOBAL_ACCENT_COLOR_NAME = AccentColor;
				CODE_SIGN_STYLE = Automatic;
				CURRENT_PROJECT_VERSION = 1;
				DEVELOPMENT_TEAM = 8Z2SQL9F4K;
				GENERATE_INFOPLIST_FILE = YES;
				INFOPLIST_FILE = MoveAnImage/Info.plist;
				INFOPLIST_KEY_UIApplicationSupportsIndirectInputEvents = YES;
				INFOPLIST_KEY_UILaunchStoryboardName = LaunchScreen;
				INFOPLIST_KEY_UIMainStoryboardFile = Main;
				INFOPLIST_KEY_UISupportedInterfaceOrientations_iPad = "UIInterfaceOrientationPortrait UIInterfaceOrientationPortraitUpsideDown UIInterfaceOrientationLandscapeLeft UIInterfaceOrientationLandscapeRight";
				INFOPLIST_KEY_UISupportedInterfaceOrientations_iPhone = "UIInterfaceOrientationPortrait UIInterfaceOrientationLandscapeLeft UIInterfaceOrientationLandscapeRight";
				LD_RUNPATH_SEARCH_PATHS = (
					"$(inherited)",
					"@executable_path/Frameworks",
				);
				MARKETING_VERSION = 1.0;
				PRODUCT_BUNDLE_IDENTIFIER = SaimanChen.MoveAnImage;
				PRODUCT_NAME = "$(TARGET_NAME)";
				SWIFT_EMIT_LOC_STRINGS = YES;
				SWIFT_VERSION = 5.0;
				TARGETED_DEVICE_FAMILY = "1,2";
			};
			name = Release;
		};
		33FD485028BF885C00707F51 /* Debug */ = {
			isa = XCBuildConfiguration;
			buildSettings = {
				ALWAYS_EMBED_SWIFT_STANDARD_LIBRARIES = YES;
				BUNDLE_LOADER = "$(TEST_HOST)";
				CODE_SIGN_STYLE = Automatic;
				CURRENT_PROJECT_VERSION = 1;
				DEVELOPMENT_TEAM = 8Z2SQL9F4K;
				GENERATE_INFOPLIST_FILE = YES;
				IPHONEOS_DEPLOYMENT_TARGET = 15.5;
				MARKETING_VERSION = 1.0;
				PRODUCT_BUNDLE_IDENTIFIER = SaimanChen.MoveAnImageTests;
				PRODUCT_NAME = "$(TARGET_NAME)";
				SWIFT_EMIT_LOC_STRINGS = NO;
				SWIFT_VERSION = 5.0;
				TARGETED_DEVICE_FAMILY = "1,2";
				TEST_HOST = "$(BUILT_PRODUCTS_DIR)/MoveAnImage.app/MoveAnImage";
			};
			name = Debug;
		};
		33FD485128BF885C00707F51 /* Release */ = {
			isa = XCBuildConfiguration;
			buildSettings = {
				ALWAYS_EMBED_SWIFT_STANDARD_LIBRARIES = YES;
				BUNDLE_LOADER = "$(TEST_HOST)";
				CODE_SIGN_STYLE = Automatic;
				CURRENT_PROJECT_VERSION = 1;
				DEVELOPMENT_TEAM = 8Z2SQL9F4K;
				GENERATE_INFOPLIST_FILE = YES;
				IPHONEOS_DEPLOYMENT_TARGET = 15.5;
				MARKETING_VERSION = 1.0;
				PRODUCT_BUNDLE_IDENTIFIER = SaimanChen.MoveAnImageTests;
				PRODUCT_NAME = "$(TARGET_NAME)";
				SWIFT_EMIT_LOC_STRINGS = NO;
				SWIFT_VERSION = 5.0;
				TARGETED_DEVICE_FAMILY = "1,2";
				TEST_HOST = "$(BUILT_PRODUCTS_DIR)/MoveAnImage.app/MoveAnImage";
			};
			name = Release;
		};
		33FD485328BF885C00707F51 /* Debug */ = {
			isa = XCBuildConfiguration;
			buildSettings = {
				ALWAYS_EMBED_SWIFT_STANDARD_LIBRARIES = YES;
				CODE_SIGN_STYLE = Automatic;
				CURRENT_PROJECT_VERSION = 1;
				DEVELOPMENT_TEAM = 8Z2SQL9F4K;
				GENERATE_INFOPLIST_FILE = YES;
				MARKETING_VERSION = 1.0;
				PRODUCT_BUNDLE_IDENTIFIER = SaimanChen.MoveAnImageUITests;
				PRODUCT_NAME = "$(TARGET_NAME)";
				SWIFT_EMIT_LOC_STRINGS = NO;
				SWIFT_VERSION = 5.0;
				TARGETED_DEVICE_FAMILY = "1,2";
				TEST_TARGET_NAME = MoveAnImage;
			};
			name = Debug;
		};
		33FD485428BF885C00707F51 /* Release */ = {
			isa = XCBuildConfiguration;
			buildSettings = {
				ALWAYS_EMBED_SWIFT_STANDARD_LIBRARIES = YES;
				CODE_SIGN_STYLE = Automatic;
				CURRENT_PROJECT_VERSION = 1;
				DEVELOPMENT_TEAM = 8Z2SQL9F4K;
				GENERATE_INFOPLIST_FILE = YES;
				MARKETING_VERSION = 1.0;
				PRODUCT_BUNDLE_IDENTIFIER = SaimanChen.MoveAnImageUITests;
				PRODUCT_NAME = "$(TARGET_NAME)";
				SWIFT_EMIT_LOC_STRINGS = NO;
				SWIFT_VERSION = 5.0;
				TARGETED_DEVICE_FAMILY = "1,2";
				TEST_TARGET_NAME = MoveAnImage;
			};
			name = Release;
		};
/* End XCBuildConfiguration section */

/* Begin XCConfigurationList section */
		33FD481D28BF885B00707F51 /* Build configuration list for PBXProject "MoveAnImage" */ = {
			isa = XCConfigurationList;
			buildConfigurations = (
				33FD484A28BF885C00707F51 /* Debug */,
				33FD484B28BF885C00707F51 /* Release */,
			);
			defaultConfigurationIsVisible = 0;
			defaultConfigurationName = Release;
		};
		33FD484C28BF885C00707F51 /* Build configuration list for PBXNativeTarget "MoveAnImage" */ = {
			isa = XCConfigurationList;
			buildConfigurations = (
				33FD484D28BF885C00707F51 /* Debug */,
				33FD484E28BF885C00707F51 /* Release */,
			);
			defaultConfigurationIsVisible = 0;
			defaultConfigurationName = Release;
		};
		33FD484F28BF885C00707F51 /* Build configuration list for PBXNativeTarget "MoveAnImageTests" */ = {
			isa = XCConfigurationList;
			buildConfigurations = (
				33FD485028BF885C00707F51 /* Debug */,
				33FD485128BF885C00707F51 /* Release */,
			);
			defaultConfigurationIsVisible = 0;
			defaultConfigurationName = Release;
		};
		33FD485228BF885C00707F51 /* Build configuration list for PBXNativeTarget "MoveAnImageUITests" */ = {
			isa = XCConfigurationList;
			buildConfigurations = (
				33FD485328BF885C00707F51 /* Debug */,
				33FD485428BF885C00707F51 /* Release */,
			);
			defaultConfigurationIsVisible = 0;
			defaultConfigurationName = Release;
		};
/* End XCConfigurationList section */
	};
	rootObject = 33FD481A28BF885B00707F51 /* Project object */;
}
